# THIS IS AN AUTOGENERATED FILE. DO NOT EDIT THIS FILE DIRECTLY.
# yarn lockfile v1


ospec@1.x.x:
  version "1.2.3"
  resolved "https://registry.yarnpkg.com/ospec/-/ospec-1.2.3.tgz#92e2a458d00ff8547ba03bb0fe859c69103b9f70"

typescript@2.x.x:
  version "2.2.1"
  resolved "https://registry.yarnpkg.com/typescript/-/typescript-2.2.1.tgz#4862b662b988a4c8ff691cc7969622d24db76ae9"
