# THIS IS AN AUTOGENERATED FILE. DO NOT EDIT THIS FILE DIRECTLY.
# yarn lockfile v1


ospec@^1.2.1:
  version "1.2.1"
  resolved "https://registry.yarnpkg.com/ospec/-/ospec-1.2.1.tgz#4206b45cde9b17b234baf994807cee98e59a8ec7"

typescript@2.1.x:
  version "2.1.4"
  resolved "https://registry.yarnpkg.com/typescript/-/typescript-2.1.4.tgz#b53b69fb841126acb1dd4b397d21daba87572251"
