# THIS IS AN AUTOGENERATED FILE. DO NOT EDIT THIS FILE DIRECTLY.
# yarn lockfile v1


"@types/es6-promise@^0.0.32":
  version "0.0.32"
  resolved "https://registry.yarnpkg.com/@types/es6-promise/-/es6-promise-0.0.32.tgz#3bcf44fb1e429f3df76188c8c6d874463ba371fd"

"@types/node@^7.0.0":
  version "7.0.0"
  resolved "https://registry.yarnpkg.com/@types/node/-/node-7.0.0.tgz#c081147b109da5f9c57af70571771be97ce9c0ba"

bblog@1.x.x:
  version "1.2.0"
  resolved "https://registry.yarnpkg.com/bblog/-/bblog-1.2.0.tgz#5ac0b0f4f23a3c3f23c7082fbce0fce5a3165d2f"

typescript@2.1.x:
  version "2.1.5"
  resolved "https://registry.yarnpkg.com/typescript/-/typescript-2.1.5.tgz#6fe9479e00e01855247cea216e7561bafcdbcd4a"
