# THIS IS AN AUTOGENERATED FILE. DO NOT EDIT THIS FILE DIRECTLY.
# yarn lockfile v1


"@types/es6-promise@^0.0.32":
  version "0.0.32"
  resolved "https://registry.yarnpkg.com/@types/es6-promise/-/es6-promise-0.0.32.tgz#3bcf44fb1e429f3df76188c8c6d874463ba371fd"

"@types/node@^7.0.0":
  version "7.0.0"
  resolved "https://registry.yarnpkg.com/@types/node/-/node-7.0.0.tgz#c081147b109da5f9c57af70571771be97ce9c0ba"

babel-runtime@6.6.1:
  version "6.6.1"
  resolved "https://registry.yarnpkg.com/babel-runtime/-/babel-runtime-6.6.1.tgz#788b94b6f634e25b91bd6c5df72d467457afb000"
  dependencies:
    core-js "^2.1.0"

backoff@~2.5.0:
  version "2.5.0"
  resolved "https://registry.yarnpkg.com/backoff/-/backoff-2.5.0.tgz#f616eda9d3e4b66b8ca7fca79f695722c5f8e26f"
  dependencies:
    precond "0.2"

bblog@1.x.x:
  version "1.2.0"
  resolved "https://registry.yarnpkg.com/bblog/-/bblog-1.2.0.tgz#5ac0b0f4f23a3c3f23c7082fbce0fce5a3165d2f"

codependency@0.1.4:
  version "0.1.4"
  resolved "https://registry.yarnpkg.com/codependency/-/codependency-0.1.4.tgz#d1763ab7264bd70c91d9626e98862d3792bf8d4a"
  dependencies:
    semver "5.0.1"

core-js@^2.1.0:
  version "2.4.1"
  resolved "https://registry.yarnpkg.com/core-js/-/core-js-2.4.1.tgz#4de911e667b0eae9124e34254b53aea6fc618d3e"

json-stringify-safe@5.0.1:
  version "5.0.1"
  resolved "https://registry.yarnpkg.com/json-stringify-safe/-/json-stringify-safe-5.0.1.tgz#1296a2d58fd45f19a0f6ce01d65701e2c735b6eb"

le_node@^1.7.0:
  version "1.7.0"
  resolved "https://registry.yarnpkg.com/le_node/-/le_node-1.7.0.tgz#104e634cb4f0be5fd7060348837def6133a8b297"
  dependencies:
    babel-runtime "6.6.1"
    codependency "0.1.4"
    json-stringify-safe "5.0.1"
    lodash "3.9.3"
    reconnect-core "1.3.0"
    semver "5.1.0"

lodash@3.9.3:
  version "3.9.3"
  resolved "https://registry.yarnpkg.com/lodash/-/lodash-3.9.3.tgz#0159e86832feffc6d61d852b12a953b99496bd32"

precond@0.2:
  version "0.2.3"
  resolved "https://registry.yarnpkg.com/precond/-/precond-0.2.3.tgz#aa9591bcaa24923f1e0f4849d240f47efc1075ac"

reconnect-core@1.3.0:
  version "1.3.0"
  resolved "https://registry.yarnpkg.com/reconnect-core/-/reconnect-core-1.3.0.tgz#fbae52919a7877d844e3246d01a2f26701c833c8"
  dependencies:
    backoff "~2.5.0"

semver@5.0.1:
  version "5.0.1"
  resolved "https://registry.yarnpkg.com/semver/-/semver-5.0.1.tgz#9fb3f4004f900d83c47968fe42f7583e05832cc9"

semver@5.1.0:
  version "5.1.0"
  resolved "https://registry.yarnpkg.com/semver/-/semver-5.1.0.tgz#85f2cf8550465c4df000cf7d86f6b054106ab9e5"

typescript@2.1.x:
  version "2.1.4"
  resolved "https://registry.yarnpkg.com/typescript/-/typescript-2.1.4.tgz#b53b69fb841126acb1dd4b397d21daba87572251"
